<?xml version="1.0" encoding="utf-8"?>
<Project ToolsVersion="4.0" xmlns="http://schemas.microsoft.com/developer/msbuild/2003">
  <ItemGroup>
    <Filter Include="Hulia">
      <UniqueIdentifier>{18E6570D-84FA-7FBE-4D7C-231EB94F7CEF}</UniqueIdentifier>
    </Filter>
    <Filter Include="Hulia\Events">
      <UniqueIdentifier>{FCC65ADC-E829-EA80-91AF-22377DF1B503}</UniqueIdentifier>
    </Filter>
    <Filter Include="Hulia\Platform">
      <UniqueIdentifier>{6C7D467A-584B-3A80-41DF-AAA62D4C16E5}</UniqueIdentifier>
    </Filter>
    <Filter Include="Hulia\Platform\Windows">
      <UniqueIdentifier>{A6D300CE-92CD-2920-7B3A-C03067D38F8C}</UniqueIdentifier>
    </Filter>
  </ItemGroup>
  <ItemGroup>
    <ClInclude Include="src\Hulia.h" />
    <ClInclude Include="src\Hulia\Application.h">
      <Filter>Hulia</Filter>
    </ClInclude>
    <ClInclude Include="src\Hulia\Core.h">
      <Filter>Hulia</Filter>
    </ClInclude>
    <ClInclude Include="src\Hulia\EntryPoint.h">
      <Filter>Hulia</Filter>
    </ClInclude>
    <ClInclude Include="src\Hulia\Events\AppEvent.h">
      <Filter>Hulia\Events</Filter>
    </ClInclude>
    <ClInclude Include="src\Hulia\Events\Event.h">
      <Filter>Hulia\Events</Filter>
    </ClInclude>
    <ClInclude Include="src\Hulia\Events\KeyEvent.h">
      <Filter>Hulia\Events</Filter>
    </ClInclude>
    <ClInclude Include="src\Hulia\Events\MouseEvent.h">
      <Filter>Hulia\Events</Filter>
    </ClInclude>
    <ClInclude Include="src\Hulia\Log.h">
      <Filter>Hulia</Filter>
    </ClInclude>
    <ClInclude Include="src\Hulia\Platform\Windows\WindowsWindow.h">
      <Filter>Hulia\Platform\Windows</Filter>
    </ClInclude>
    <ClInclude Include="src\Hulia\Window.h">
      <Filter>Hulia</Filter>
    </ClInclude>
    <ClInclude Include="src\hapch.h" />
  </ItemGroup>
  <ItemGroup>
    <ClCompile Include="src\Hulia\Application.cpp">
      <Filter>Hulia</Filter>
    </ClCompile>
    <ClCompile Include="src\Hulia\Log.cpp">
      <Filter>Hulia</Filter>
    </ClCompile>
    <ClCompile Include="src\Hulia\Platform\Windows\WindowsWindow.cpp">
      <Filter>Hulia\Platform\Windows</Filter>
    </ClCompile>
    <ClCompile Include="src\hapch.cpp" />
  </ItemGroup>
</Project>